// !$*UTF8*$!
{
	archiveVersion = 1;
	classes = {
	};
	objectVersion = 46;
	objects = {

/* Begin PBXBuildFile section */
		7C1E27731C07BC6800C848E5 /* ReflectionHelper.m in Sources */ = {isa = PBXBuildFile; fileRef = 7C1E27721C07BC6800C848E5 /* ReflectionHelper.m */; };
		7C1E27791C0893B800C848E5 /* CustomLabel.swift in Sources */ = {isa = PBXBuildFile; fileRef = 7C1E27781C0893B800C848E5 /* CustomLabel.swift */; };
		7C4363851C000A7500EAF293 /* AppDelegate.swift in Sources */ = {isa = PBXBuildFile; fileRef = 7C4363841C000A7500EAF293 /* AppDelegate.swift */; };
		7C43638A1C000A7500EAF293 /* Main.storyboard in Resources */ = {isa = PBXBuildFile; fileRef = 7C4363881C000A7500EAF293 /* Main.storyboard */; };
		7C43638C1C000A7500EAF293 /* Assets.xcassets in Resources */ = {isa = PBXBuildFile; fileRef = 7C43638B1C000A7500EAF293 /* Assets.xcassets */; };
		7C43638F1C000A7500EAF293 /* LaunchScreen.storyboard in Resources */ = {isa = PBXBuildFile; fileRef = 7C43638D1C000A7500EAF293 /* LaunchScreen.storyboard */; };
		7C4363971C000AC400EAF293 /* LayoutHelper.swift in Sources */ = {isa = PBXBuildFile; fileRef = 7C4363961C000AC400EAF293 /* LayoutHelper.swift */; };
		7C43639D1C000C9500EAF293 /* ViewUtil.swift in Sources */ = {isa = PBXBuildFile; fileRef = 7C43639C1C000C9500EAF293 /* ViewUtil.swift */; };
		7C4363A01C00157900EAF293 /* FontAwesome.ttf in Resources */ = {isa = PBXBuildFile; fileRef = 7C4363991C000C6A00EAF293 /* FontAwesome.ttf */; };
		7C4363A11C00157A00EAF293 /* OpenSans-Light.ttf in Resources */ = {isa = PBXBuildFile; fileRef = 7C43639A1C000C6A00EAF293 /* OpenSans-Light.ttf */; };
		7C4363A21C00157A00EAF293 /* ShareTech-Regular.ttf in Resources */ = {isa = PBXBuildFile; fileRef = 7C43639B1C000C6A00EAF293 /* ShareTech-Regular.ttf */; };
		7C4363A81C013E7C00EAF293 /* PreviewController.swift in Sources */ = {isa = PBXBuildFile; fileRef = 7C4363A71C013E7C00EAF293 /* PreviewController.swift */; };
		7C4363AA1C01445500EAF293 /* CodeController.swift in Sources */ = {isa = PBXBuildFile; fileRef = 7C4363A91C01445500EAF293 /* CodeController.swift */; };
		7C4363AD1C02305000EAF293 /* String+Utils.swift in Sources */ = {isa = PBXBuildFile; fileRef = 7C4363AC1C02305000EAF293 /* String+Utils.swift */; };
		7C4363B31C02A04100EAF293 /* RegexResult.swift in Sources */ = {isa = PBXBuildFile; fileRef = 7C4363B21C02A04100EAF293 /* RegexResult.swift */; };
/* End PBXBuildFile section */

/* Begin PBXFileReference section */
		7C1E27701C07BC6700C848E5 /* LayoutHelperApp-Bridging-Header.h */ = {isa = PBXFileReference; lastKnownFileType = sourcecode.c.h; path = "LayoutHelperApp-Bridging-Header.h"; sourceTree = "<group>"; };
		7C1E27711C07BC6800C848E5 /* ReflectionHelper.h */ = {isa = PBXFileReference; fileEncoding = 4; lastKnownFileType = sourcecode.c.h; path = ReflectionHelper.h; sourceTree = "<group>"; };
		7C1E27721C07BC6800C848E5 /* ReflectionHelper.m */ = {isa = PBXFileReference; fileEncoding = 4; lastKnownFileType = sourcecode.c.objc; path = ReflectionHelper.m; sourceTree = "<group>"; };
		7C1E27781C0893B800C848E5 /* CustomLabel.swift */ = {isa = PBXFileReference; fileEncoding = 4; lastKnownFileType = sourcecode.swift; path = CustomLabel.swift; sourceTree = "<group>"; };
		7C1E277C1C0A1D4F00C848E5 /* EventFilterTestLayout.swift */ = {isa = PBXFileReference; fileEncoding = 4; lastKnownFileType = sourcecode.swift; path = EventFilterTestLayout.swift; sourceTree = "<group>"; };
		7C4363811C000A7500EAF293 /* LayoutHelperApp.app */ = {isa = PBXFileReference; explicitFileType = wrapper.application; includeInIndex = 0; path = LayoutHelperApp.app; sourceTree = BUILT_PRODUCTS_DIR; };
		7C4363841C000A7500EAF293 /* AppDelegate.swift */ = {isa = PBXFileReference; lastKnownFileType = sourcecode.swift; path = AppDelegate.swift; sourceTree = "<group>"; };
		7C4363891C000A7500EAF293 /* Base */ = {isa = PBXFileReference; lastKnownFileType = file.storyboard; name = Base; path = Base.lproj/Main.storyboard; sourceTree = "<group>"; };
		7C43638B1C000A7500EAF293 /* Assets.xcassets */ = {isa = PBXFileReference; lastKnownFileType = folder.assetcatalog; path = Assets.xcassets; sourceTree = "<group>"; };
		7C43638E1C000A7500EAF293 /* Base */ = {isa = PBXFileReference; lastKnownFileType = file.storyboard; name = Base; path = Base.lproj/LaunchScreen.storyboard; sourceTree = "<group>"; };
		7C4363901C000A7500EAF293 /* Info.plist */ = {isa = PBXFileReference; lastKnownFileType = text.plist.xml; path = Info.plist; sourceTree = "<group>"; };
		7C4363961C000AC400EAF293 /* LayoutHelper.swift */ = {isa = PBXFileReference; fileEncoding = 4; lastKnownFileType = sourcecode.swift; path = LayoutHelper.swift; sourceTree = "<group>"; };
		7C4363991C000C6A00EAF293 /* FontAwesome.ttf */ = {isa = PBXFileReference; lastKnownFileType = file; path = FontAwesome.ttf; sourceTree = "<group>"; };
		7C43639A1C000C6A00EAF293 /* OpenSans-Light.ttf */ = {isa = PBXFileReference; lastKnownFileType = file; path = "OpenSans-Light.ttf"; sourceTree = "<group>"; };
		7C43639B1C000C6A00EAF293 /* ShareTech-Regular.ttf */ = {isa = PBXFileReference; lastKnownFileType = file; path = "ShareTech-Regular.ttf"; sourceTree = "<group>"; };
		7C43639C1C000C9500EAF293 /* ViewUtil.swift */ = {isa = PBXFileReference; fileEncoding = 4; lastKnownFileType = sourcecode.swift; path = ViewUtil.swift; sourceTree = "<group>"; };
		7C4363A71C013E7C00EAF293 /* PreviewController.swift */ = {isa = PBXFileReference; fileEncoding = 4; lastKnownFileType = sourcecode.swift; path = PreviewController.swift; sourceTree = "<group>"; };
		7C4363A91C01445500EAF293 /* CodeController.swift */ = {isa = PBXFileReference; fileEncoding = 4; lastKnownFileType = sourcecode.swift; path = CodeController.swift; sourceTree = "<group>"; };
		7C4363AC1C02305000EAF293 /* String+Utils.swift */ = {isa = PBXFileReference; fileEncoding = 4; lastKnownFileType = sourcecode.swift; path = "String+Utils.swift"; sourceTree = "<group>"; };
		7C4363B01C02617F00EAF293 /* layout.swift */ = {isa = PBXFileReference; fileEncoding = 4; lastKnownFileType = sourcecode.swift; path = layout.swift; sourceTree = "<group>"; };
		7C4363B21C02A04100EAF293 /* RegexResult.swift */ = {isa = PBXFileReference; fileEncoding = 4; lastKnownFileType = sourcecode.swift; path = RegexResult.swift; sourceTree = "<group>"; };
/* End PBXFileReference section */

/* Begin PBXFrameworksBuildPhase section */
		7C43637E1C000A7500EAF293 /* Frameworks */ = {
			isa = PBXFrameworksBuildPhase;
			buildActionMask = 2147483647;
			files = (
			);
			runOnlyForDeploymentPostprocessing = 0;
		};
/* End PBXFrameworksBuildPhase section */

/* Begin PBXGroup section */
		7C1E27761C08815B00C848E5 /* Util */ = {
			isa = PBXGroup;
			children = (
				7C4363961C000AC400EAF293 /* LayoutHelper.swift */,
				7C43639C1C000C9500EAF293 /* ViewUtil.swift */,
				7C1E27781C0893B800C848E5 /* CustomLabel.swift */,
				7C4363AC1C02305000EAF293 /* String+Utils.swift */,
				7C4363B21C02A04100EAF293 /* RegexResult.swift */,
				7C1E27711C07BC6800C848E5 /* ReflectionHelper.h */,
				7C1E27721C07BC6800C848E5 /* ReflectionHelper.m */,
			);
			name = Util;
			sourceTree = "<group>";
		};
		7C1E27771C08816B00C848E5 /* Controllers */ = {
			isa = PBXGroup;
			children = (
				7C4363A91C01445500EAF293 /* CodeController.swift */,
				7C4363A71C013E7C00EAF293 /* PreviewController.swift */,
			);
			name = Controllers;
			sourceTree = "<group>";
		};
		7C4363781C000A7500EAF293 = {
			isa = PBXGroup;
			children = (
				7C4363831C000A7500EAF293 /* LayoutHelperApp */,
				7C4363821C000A7500EAF293 /* Products */,
			);
			sourceTree = "<group>";
		};
		7C4363821C000A7500EAF293 /* Products */ = {
			isa = PBXGroup;
			children = (
				7C4363811C000A7500EAF293 /* LayoutHelperApp.app */,
			);
			name = Products;
			sourceTree = "<group>";
		};
		7C4363831C000A7500EAF293 /* LayoutHelperApp */ = {
			isa = PBXGroup;
			children = (
				7C4363B01C02617F00EAF293 /* layout.swift */,
				7C1E277C1C0A1D4F00C848E5 /* EventFilterTestLayout.swift */,
				7C1E27771C08816B00C848E5 /* Controllers */,
				7C1E27761C08815B00C848E5 /* Util */,
				7C4363981C000C3A00EAF293 /* Fonts */,
				7C4363881C000A7500EAF293 /* Main.storyboard */,
				7C43638B1C000A7500EAF293 /* Assets.xcassets */,
				7C4363841C000A7500EAF293 /* AppDelegate.swift */,
				7C43638D1C000A7500EAF293 /* LaunchScreen.storyboard */,
				7C4363901C000A7500EAF293 /* Info.plist */,
				7C1E27701C07BC6700C848E5 /* LayoutHelperApp-Bridging-Header.h */,
			);
			path = LayoutHelperApp;
			sourceTree = "<group>";
		};
		7C4363981C000C3A00EAF293 /* Fonts */ = {
			isa = PBXGroup;
			children = (
				7C4363991C000C6A00EAF293 /* FontAwesome.ttf */,
				7C43639A1C000C6A00EAF293 /* OpenSans-Light.ttf */,
				7C43639B1C000C6A00EAF293 /* ShareTech-Regular.ttf */,
			);
			name = Fonts;
			sourceTree = "<group>";
		};
/* End PBXGroup section */

/* Begin PBXNativeTarget section */
		7C4363801C000A7500EAF293 /* LayoutHelperApp */ = {
			isa = PBXNativeTarget;
			buildConfigurationList = 7C4363931C000A7500EAF293 /* Build configuration list for PBXNativeTarget "LayoutHelperApp" */;
			buildPhases = (
				7C43637D1C000A7500EAF293 /* Sources */,
				7C43637E1C000A7500EAF293 /* Frameworks */,
				7C43637F1C000A7500EAF293 /* Resources */,
			);
			buildRules = (
			);
			dependencies = (
			);
			name = LayoutHelperApp;
			productName = LayoutHelperApp;
			productReference = 7C4363811C000A7500EAF293 /* LayoutHelperApp.app */;
			productType = "com.apple.product-type.application";
		};
/* End PBXNativeTarget section */

/* Begin PBXProject section */
		7C4363791C000A7500EAF293 /* Project object */ = {
			isa = PBXProject;
			attributes = {
				LastSwiftUpdateCheck = 0710;
				LastUpgradeCheck = 0710;
				ORGANIZATIONNAME = fmaylinch;
				TargetAttributes = {
					7C4363801C000A7500EAF293 = {
						CreatedOnToolsVersion = 7.1.1;
					};
				};
			};
			buildConfigurationList = 7C43637C1C000A7500EAF293 /* Build configuration list for PBXProject "LayoutHelperApp" */;
			compatibilityVersion = "Xcode 3.2";
			developmentRegion = English;
			hasScannedForEncodings = 0;
			knownRegions = (
				en,
				Base,
			);
			mainGroup = 7C4363781C000A7500EAF293;
			productRefGroup = 7C4363821C000A7500EAF293 /* Products */;
			projectDirPath = "";
			projectRoot = "";
			targets = (
				7C4363801C000A7500EAF293 /* LayoutHelperApp */,
			);
		};
/* End PBXProject section */

/* Begin PBXResourcesBuildPhase section */
		7C43637F1C000A7500EAF293 /* Resources */ = {
			isa = PBXResourcesBuildPhase;
			buildActionMask = 2147483647;
			files = (
				7C4363A01C00157900EAF293 /* FontAwesome.ttf in Resources */,
				7C4363A11C00157A00EAF293 /* OpenSans-Light.ttf in Resources */,
				7C4363A21C00157A00EAF293 /* ShareTech-Regular.ttf in Resources */,
				7C43638F1C000A7500EAF293 /* LaunchScreen.storyboard in Resources */,
				7C43638C1C000A7500EAF293 /* Assets.xcassets in Resources */,
				7C43638A1C000A7500EAF293 /* Main.storyboard in Resources */,
			);
			runOnlyForDeploymentPostprocessing = 0;
		};
/* End PBXResourcesBuildPhase section */

/* Begin PBXSourcesBuildPhase section */
		7C43637D1C000A7500EAF293 /* Sources */ = {
			isa = PBXSourcesBuildPhase;
			buildActionMask = 2147483647;
			files = (
				7C4363AD1C02305000EAF293 /* String+Utils.swift in Sources */,
				7C4363A81C013E7C00EAF293 /* PreviewController.swift in Sources */,
				7C1E27731C07BC6800C848E5 /* ReflectionHelper.m in Sources */,
				7C4363971C000AC400EAF293 /* LayoutHelper.swift in Sources */,
				7C43639D1C000C9500EAF293 /* ViewUtil.swift in Sources */,
				7C4363851C000A7500EAF293 /* AppDelegate.swift in Sources */,
				7C4363B31C02A04100EAF293 /* RegexResult.swift in Sources */,
				7C4363AA1C01445500EAF293 /* CodeController.swift in Sources */,
				7C1E27791C0893B800C848E5 /* CustomLabel.swift in Sources */,
			);
			runOnlyForDeploymentPostprocessing = 0;
		};
/* End PBXSourcesBuildPhase section */

/* Begin PBXVariantGroup section */
		7C4363881C000A7500EAF293 /* Main.storyboard */ = {
			isa = PBXVariantGroup;
			children = (
				7C4363891C000A7500EAF293 /* Base */,
			);
			name = Main.storyboard;
			sourceTree = "<group>";
		};
		7C43638D1C000A7500EAF293 /* LaunchScreen.storyboard */ = {
			isa = PBXVariantGroup;
			children = (
				7C43638E1C000A7500EAF293 /* Base */,
			);
			name = LaunchScreen.storyboard;
			sourceTree = "<group>";
		};
/* End PBXVariantGroup section */

/* Begin XCBuildConfiguration section */
		7C4363911C000A7500EAF293 /* Debug */ = {
			isa = XCBuildConfiguration;
			buildSettings = {
				ALWAYS_SEARCH_USER_PATHS = NO;
				CLANG_CXX_LANGUAGE_STANDARD = "gnu++0x";
				CLANG_CXX_LIBRARY = "libc++";
				CLANG_ENABLE_MODULES = YES;
				CLANG_ENABLE_OBJC_ARC = YES;
				CLANG_WARN_BOOL_CONVERSION = YES;
				CLANG_WARN_CONSTANT_CONVERSION = YES;
				CLANG_WARN_DIRECT_OBJC_ISA_USAGE = YES_ERROR;
				CLANG_WARN_EMPTY_BODY = YES;
				CLANG_WARN_ENUM_CONVERSION = YES;
				CLANG_WARN_INT_CONVERSION = YES;
				CLANG_WARN_OBJC_ROOT_CLASS = YES_ERROR;
				CLANG_WARN_UNREACHABLE_CODE = YES;
				CLANG_WARN__DUPLICATE_METHOD_MATCH = YES;
				"CODE_SIGN_IDENTITY[sdk=iphoneos*]" = "iPhone Developer";
				COPY_PHASE_STRIP = NO;
				DEBUG_INFORMATION_FORMAT = dwarf;
				ENABLE_STRICT_OBJC_MSGSEND = YES;
				ENABLE_TESTABILITY = YES;
				GCC_C_LANGUAGE_STANDARD = gnu99;
				GCC_DYNAMIC_NO_PIC = NO;
				GCC_NO_COMMON_BLOCKS = YES;
				GCC_OPTIMIZATION_LEVEL = 0;
				GCC_PREPROCESSOR_DEFINITIONS = (
					"DEBUG=1",
					"$(inherited)",
				);
				GCC_WARN_64_TO_32_BIT_CONVERSION = YES;
				GCC_WARN_ABOUT_RETURN_TYPE = YES_ERROR;
				GCC_WARN_UNDECLARED_SELECTOR = YES;
				GCC_WARN_UNINITIALIZED_AUTOS = YES_AGGRESSIVE;
				GCC_WARN_UNUSED_FUNCTION = YES;
				GCC_WARN_UNUSED_VARIABLE = YES;
				IPHONEOS_DEPLOYMENT_TARGET = 9.1;
				MTL_ENABLE_DEBUG_INFO = YES;
				ONLY_ACTIVE_ARCH = YES;
				SDKROOT = iphoneos;
				SWIFT_OPTIMIZATION_LEVEL = "-Onone";
				TARGETED_DEVICE_FAMILY = "1,2";
			};
			name = Debug;
		};
		7C4363921C000A7500EAF293 /* Release */ = {
			isa = XCBuildConfiguration;
			buildSettings = {
				ALWAYS_SEARCH_USER_PATHS = NO;
				CLANG_CXX_LANGUAGE_STANDARD = "gnu++0x";
				CLANG_CXX_LIBRARY = "libc++";
				CLANG_ENABLE_MODULES = YES;
				CLANG_ENABLE_OBJC_ARC = YES;
				CLANG_WARN_BOOL_CONVERSION = YES;
				CLANG_WARN_CONSTANT_CONVERSION = YES;
				CLANG_WARN_DIRECT_OBJC_ISA_USAGE = YES_ERROR;
				CLANG_WARN_EMPTY_BODY = YES;
				CLANG_WARN_ENUM_CONVERSION = YES;
				CLANG_WARN_INT_CONVERSION = YES;
				CLANG_WARN_OBJC_ROOT_CLASS = YES_ERROR;
				CLANG_WARN_UNREACHABLE_CODE = YES;
				CLANG_WARN__DUPLICATE_METHOD_MATCH = YES;
				"CODE_SIGN_IDENTITY[sdk=iphoneos*]" = "iPhone Developer";
				COPY_PHASE_STRIP = NO;
				DEBUG_INFORMATION_FORMAT = "dwarf-with-dsym";
				ENABLE_NS_ASSERTIONS = NO;
				ENABLE_STRICT_OBJC_MSGSEND = YES;
				GCC_C_LANGUAGE_STANDARD = gnu99;
				GCC_NO_COMMON_BLOCKS = YES;
				GCC_WARN_64_TO_32_BIT_CONVERSION = YES;
				GCC_WARN_ABOUT_RETURN_TYPE = YES_ERROR;
				GCC_WARN_UNDECLARED_SELECTOR = YES;
				GCC_WARN_UNINITIALIZED_AUTOS = YES_AGGRESSIVE;
				GCC_WARN_UNUSED_FUNCTION = YES;
				GCC_WARN_UNUSED_VARIABLE = YES;
				IPHONEOS_DEPLOYMENT_TARGET = 9.1;
				MTL_ENABLE_DEBUG_INFO = NO;
				SDKROOT = iphoneos;
				TARGETED_DEVICE_FAMILY = "1,2";
				VALIDATE_PRODUCT = YES;
			};
			name = Release;
		};
		7C4363941C000A7500EAF293 /* Debug */ = {
			isa = XCBuildConfiguration;
			buildSettings = {
				ASSETCATALOG_COMPILER_APPICON_NAME = AppIcon;
				CLANG_ENABLE_MODULES = YES;
				INFOPLIST_FILE = LayoutHelperApp/Info.plist;
				LD_RUNPATH_SEARCH_PATHS = "$(inherited) @executable_path/Frameworks";
				PRODUCT_BUNDLE_IDENTIFIER = com.fmaylinch.LayoutHelperApp;
				PRODUCT_NAME = "$(TARGET_NAME)";
				SWIFT_OBJC_BRIDGING_HEADER = "LayoutHelperApp/LayoutHelperApp-Bridging-Header.h";
				SWIFT_OPTIMIZATION_LEVEL = "-Onone";
				TARGETED_DEVICE_FAMILY = "1,2";
			};
			name = Debug;
		};
		7C4363951C000A7500EAF293 /* Release */ = {
			isa = XCBuildConfiguration;
			buildSettings = {
				ASSETCATALOG_COMPILER_APPICON_NAME = AppIcon;
				CLANG_ENABLE_MODULES = YES;
				INFOPLIST_FILE = LayoutHelperApp/Info.plist;
				LD_RUNPATH_SEARCH_PATHS = "$(inherited) @executable_path/Frameworks";
				PRODUCT_BUNDLE_IDENTIFIER = com.fmaylinch.LayoutHelperApp;
				PRODUCT_NAME = "$(TARGET_NAME)";
				SWIFT_OBJC_BRIDGING_HEADER = "LayoutHelperApp/LayoutHelperApp-Bridging-Header.h";
				TARGETED_DEVICE_FAMILY = "1,2";
			};
			name = Release;
		};
/* End XCBuildConfiguration section */

/* Begin XCConfigurationList section */
		7C43637C1C000A7500EAF293 /* Build configuration list for PBXProject "LayoutHelperApp" */ = {
			isa = XCConfigurationList;
			buildConfigurations = (
				7C4363911C000A7500EAF293 /* Debug */,
				7C4363921C000A7500EAF293 /* Release */,
			);
			defaultConfigurationIsVisible = 0;
			defaultConfigurationName = Release;
		};
		7C4363931C000A7500EAF293 /* Build configuration list for PBXNativeTarget "LayoutHelperApp" */ = {
			isa = XCConfigurationList;
			buildConfigurations = (
				7C4363941C000A7500EAF293 /* Debug */,
				7C4363951C000A7500EAF293 /* Release */,
			);
			defaultConfigurationIsVisible = 0;
			defaultConfigurationName = Release;
		};
/* End XCConfigurationList section */
	};
	rootObject = 7C4363791C000A7500EAF293 /* Project object */;
}
